
Microsoft Visual Studio Solution File, Format Version 12.00
# Visual Studio Version 17
VisualStudioVersion = 17.4.33205.214
MinimumVisualStudioVersion = 10.0.40219.1
Project("{FAE04EC0-301F-11D3-BF4B-00C04F79EFBC}") = "D.E.L.E.T.E plz", "D.E.L.E.T.E plz\D.E.L.E.T.E plz.csproj", "{7720EF18-8A03-4A05-AF0F-45A2AAA433F0}"
EndProject
Global
	GlobalSection(SolutionConfigurationPlatforms) = preSolution
		Debug|Any CPU = Debug|Any CPU
		Release|Any CPU = Release|Any CPU
	EndGlobalSection
	GlobalSection(ProjectConfigurationPlatforms) = postSolution
		{7720EF18-8A03-4A05-AF0F-45A2AAA433F0}.Debug|Any CPU.ActiveCfg = Debug|Any CPU
		{7720EF18-8A03-4A05-AF0F-45A2AAA433F0}.Debug|Any CPU.Build.0 = Debug|Any CPU
		{7720EF18-8A03-4A05-AF0F-45A2AAA433F0}.Release|Any CPU.ActiveCfg = Release|Any CPU
		{7720EF18-8A03-4A05-AF0F-45A2AAA433F0}.Release|Any CPU.Build.0 = Release|Any CPU
	EndGlobalSection
	GlobalSection(SolutionProperties) = preSolution
		HideSolutionNode = FALSE
	EndGlobalSection
	GlobalSection(ExtensibilityGlobals) = postSolution
		SolutionGuid = {81FC016C-D64D-4832-9A7F-A3FA35B5283A}
	EndGlobalSection
EndGlobal
